
Microsoft Visual Studio Solution File, Format Version 12.00
# Visual Studio Version 16
VisualStudioVersion = 16.0.32228.343
MinimumVisualStudioVersion = 10.0.40219.1
Project("{9A19103F-16F7-4668-BE54-9A1E7A4F7556}") = "WpfApp1", "WpfApp1.csproj", "{E5BBDB21-393B-4CDE-9AB7-1E38A3BD4A6B}"
EndProject
Project("{9A19103F-16F7-4668-BE54-9A1E7A4F7556}") = "Lib_5", "..\Lib_5\Lib_5.csproj", "{73F65B19-39D4-446F-BCBB-B5812777179B}"
EndProject
Project("{9A19103F-16F7-4668-BE54-9A1E7A4F7556}") = "Libmas", "..\Libmas\Libmas.csproj", "{7C1C6ECA-E694-4C73-B5C4-BD6F32D9BED1}"
EndProject
Global
	GlobalSection(SolutionConfigurationPlatforms) = preSolution
		Debug|Any CPU = Debug|Any CPU
		Release|Any CPU = Release|Any CPU
	EndGlobalSection
	GlobalSection(ProjectConfigurationPlatforms) = postSolution
		{E5BBDB21-393B-4CDE-9AB7-1E38A3BD4A6B}.Debug|Any CPU.ActiveCfg = Debug|Any CPU
		{E5BBDB21-393B-4CDE-9AB7-1E38A3BD4A6B}.Debug|Any CPU.Build.0 = Debug|Any CPU
		{E5BBDB21-393B-4CDE-9AB7-1E38A3BD4A6B}.Release|Any CPU.ActiveCfg = Release|Any CPU
		{E5BBDB21-393B-4CDE-9AB7-1E38A3BD4A6B}.Release|Any CPU.Build.0 = Release|Any CPU
		{73F65B19-39D4-446F-BCBB-B5812777179B}.Debug|Any CPU.ActiveCfg = Debug|Any CPU
		{73F65B19-39D4-446F-BCBB-B5812777179B}.Debug|Any CPU.Build.0 = Debug|Any CPU
		{73F65B19-39D4-446F-BCBB-B5812777179B}.Release|Any CPU.ActiveCfg = Release|Any CPU
		{73F65B19-39D4-446F-BCBB-B5812777179B}.Release|Any CPU.Build.0 = Release|Any CPU
		{7C1C6ECA-E694-4C73-B5C4-BD6F32D9BED1}.Debug|Any CPU.ActiveCfg = Debug|Any CPU
		{7C1C6ECA-E694-4C73-B5C4-BD6F32D9BED1}.Debug|Any CPU.Build.0 = Debug|Any CPU
		{7C1C6ECA-E694-4C73-B5C4-BD6F32D9BED1}.Release|Any CPU.ActiveCfg = Release|Any CPU
		{7C1C6ECA-E694-4C73-B5C4-BD6F32D9BED1}.Release|Any CPU.Build.0 = Release|Any CPU
	EndGlobalSection
	GlobalSection(SolutionProperties) = preSolution
		HideSolutionNode = FALSE
	EndGlobalSection
	GlobalSection(ExtensibilityGlobals) = postSolution
		SolutionGuid = {57043621-B971-45FA-BCC9-0BDD78709B38}
	EndGlobalSection
EndGlobal
